
Microsoft Visual Studio Solution File, Format Version 12.00
# Visual Studio 15
Project("{FAE04EC0-301F-11D3-BF4B-00C04F79EFBC}") = "Assembly-CSharp", "Assembly-CSharp.csproj", "{2B01B48F-2084-14A0-B51E-B8B7954BFB63}"
EndProject
Project("{FAE04EC0-301F-11D3-BF4B-00C04F79EFBC}") = "Assembly-CSharp-firstpass", "Assembly-CSharp-firstpass.csproj", "{50A31DA1-643B-325F-4B11-4336F1B0B89B}"
EndProject
Project("{FAE04EC0-301F-11D3-BF4B-00C04F79EFBC}") = "Assembly-CSharp-Editor-firstpass", "Assembly-CSharp-Editor-firstpass.csproj", "{23502CF3-968E-DD63-6C7C-848441227E49}"
EndProject
Global
	GlobalSection(SolutionConfigurationPlatforms) = preSolution
		Debug|Any CPU = Debug|Any CPU
		Release|Any CPU = Release|Any CPU
	EndGlobalSection
	GlobalSection(ProjectConfigurationPlatforms) = postSolution
		{2B01B48F-2084-14A0-B51E-B8B7954BFB63}.Debug|Any CPU.ActiveCfg = Debug|Any CPU
		{2B01B48F-2084-14A0-B51E-B8B7954BFB63}.Debug|Any CPU.Build.0 = Debug|Any CPU
		{2B01B48F-2084-14A0-B51E-B8B7954BFB63}.Release|Any CPU.ActiveCfg = Release|Any CPU
		{2B01B48F-2084-14A0-B51E-B8B7954BFB63}.Release|Any CPU.Build.0 = Release|Any CPU
		{50A31DA1-643B-325F-4B11-4336F1B0B89B}.Debug|Any CPU.ActiveCfg = Debug|Any CPU
		{50A31DA1-643B-325F-4B11-4336F1B0B89B}.Debug|Any CPU.Build.0 = Debug|Any CPU
		{50A31DA1-643B-325F-4B11-4336F1B0B89B}.Release|Any CPU.ActiveCfg = Release|Any CPU
		{50A31DA1-643B-325F-4B11-4336F1B0B89B}.Release|Any CPU.Build.0 = Release|Any CPU
		{23502CF3-968E-DD63-6C7C-848441227E49}.Debug|Any CPU.ActiveCfg = Debug|Any CPU
		{23502CF3-968E-DD63-6C7C-848441227E49}.Debug|Any CPU.Build.0 = Debug|Any CPU
		{23502CF3-968E-DD63-6C7C-848441227E49}.Release|Any CPU.ActiveCfg = Release|Any CPU
		{23502CF3-968E-DD63-6C7C-848441227E49}.Release|Any CPU.Build.0 = Release|Any CPU
	EndGlobalSection
	GlobalSection(SolutionProperties) = preSolution
		HideSolutionNode = FALSE
	EndGlobalSection
EndGlobal
